// !$*UTF8*$!
{
	archiveVersion = 1;
	classes = {
	};
	objectVersion = 46;
	objects = {

/* Begin PBXBuildFile section */
		4927A1BF1934C98900E5F6D2 /* Foundation.framework in Frameworks */ = {isa = PBXBuildFile; fileRef = 4927A1BE1934C98900E5F6D2 /* Foundation.framework */; };
		4927A1C11934C98900E5F6D2 /* CoreGraphics.framework in Frameworks */ = {isa = PBXBuildFile; fileRef = 4927A1C01934C98900E5F6D2 /* CoreGraphics.framework */; };
		4927A1C31934C98900E5F6D2 /* UIKit.framework in Frameworks */ = {isa = PBXBuildFile; fileRef = 4927A1C21934C98900E5F6D2 /* UIKit.framework */; };
		4927A1C91934C98900E5F6D2 /* InfoPlist.strings in Resources */ = {isa = PBXBuildFile; fileRef = 4927A1C71934C98900E5F6D2 /* InfoPlist.strings */; };
		4927A1CB1934C98900E5F6D2 /* main.m in Sources */ = {isa = PBXBuildFile; fileRef = 4927A1CA1934C98900E5F6D2 /* main.m */; };
		4927A1CF1934C98900E5F6D2 /* TWTAppDelegate.m in Sources */ = {isa = PBXBuildFile; fileRef = 4927A1CE1934C98900E5F6D2 /* TWTAppDelegate.m */; };
		4927A1D11934C98900E5F6D2 /* Images.xcassets in Resources */ = {isa = PBXBuildFile; fileRef = 4927A1D01934C98900E5F6D2 /* Images.xcassets */; };
		4927A1EF1934CA2C00E5F6D2 /* TWTViewController.m in Sources */ = {isa = PBXBuildFile; fileRef = 4927A1EE1934CA2C00E5F6D2 /* TWTViewController.m */; };
		4927A1F219350FA200E5F6D2 /* UIView+TWTConstraintsForAutoresizingMask.m in Sources */ = {isa = PBXBuildFile; fileRef = 4927A1F119350FA200E5F6D2 /* UIView+TWTConstraintsForAutoresizingMask.m */; };
/* End PBXBuildFile section */

/* Begin PBXFileReference section */
		4927A1BB1934C98900E5F6D2 /* Translates.app */ = {isa = PBXFileReference; explicitFileType = wrapper.application; includeInIndex = 0; path = Translates.app; sourceTree = BUILT_PRODUCTS_DIR; };
		4927A1BE1934C98900E5F6D2 /* Foundation.framework */ = {isa = PBXFileReference; lastKnownFileType = wrapper.framework; name = Foundation.framework; path = System/Library/Frameworks/Foundation.framework; sourceTree = SDKROOT; };
		4927A1C01934C98900E5F6D2 /* CoreGraphics.framework */ = {isa = PBXFileReference; lastKnownFileType = wrapper.framework; name = CoreGraphics.framework; path = System/Library/Frameworks/CoreGraphics.framework; sourceTree = SDKROOT; };
		4927A1C21934C98900E5F6D2 /* UIKit.framework */ = {isa = PBXFileReference; lastKnownFileType = wrapper.framework; name = UIKit.framework; path = System/Library/Frameworks/UIKit.framework; sourceTree = SDKROOT; };
		4927A1C61934C98900E5F6D2 /* Translates-Info.plist */ = {isa = PBXFileReference; lastKnownFileType = text.plist.xml; path = "Translates-Info.plist"; sourceTree = "<group>"; };
		4927A1C81934C98900E5F6D2 /* en */ = {isa = PBXFileReference; lastKnownFileType = text.plist.strings; name = en; path = en.lproj/InfoPlist.strings; sourceTree = "<group>"; };
		4927A1CA1934C98900E5F6D2 /* main.m */ = {isa = PBXFileReference; lastKnownFileType = sourcecode.c.objc; path = main.m; sourceTree = "<group>"; };
		4927A1CC1934C98900E5F6D2 /* Translates-Prefix.pch */ = {isa = PBXFileReference; lastKnownFileType = sourcecode.c.h; path = "Translates-Prefix.pch"; sourceTree = "<group>"; };
		4927A1CD1934C98900E5F6D2 /* TWTAppDelegate.h */ = {isa = PBXFileReference; lastKnownFileType = sourcecode.c.h; path = TWTAppDelegate.h; sourceTree = "<group>"; };
		4927A1CE1934C98900E5F6D2 /* TWTAppDelegate.m */ = {isa = PBXFileReference; lastKnownFileType = sourcecode.c.objc; path = TWTAppDelegate.m; sourceTree = "<group>"; };
		4927A1D01934C98900E5F6D2 /* Images.xcassets */ = {isa = PBXFileReference; lastKnownFileType = folder.assetcatalog; path = Images.xcassets; sourceTree = "<group>"; };
		4927A1ED1934CA2C00E5F6D2 /* TWTViewController.h */ = {isa = PBXFileReference; fileEncoding = 4; lastKnownFileType = sourcecode.c.h; path = TWTViewController.h; sourceTree = "<group>"; };
		4927A1EE1934CA2C00E5F6D2 /* TWTViewController.m */ = {isa = PBXFileReference; fileEncoding = 4; lastKnownFileType = sourcecode.c.objc; path = TWTViewController.m; sourceTree = "<group>"; };
		4927A1F019350FA200E5F6D2 /* UIView+TWTConstraintsForAutoresizingMask.h */ = {isa = PBXFileReference; fileEncoding = 4; lastKnownFileType = sourcecode.c.h; path = "UIView+TWTConstraintsForAutoresizingMask.h"; sourceTree = "<group>"; };
		4927A1F119350FA200E5F6D2 /* UIView+TWTConstraintsForAutoresizingMask.m */ = {isa = PBXFileReference; fileEncoding = 4; lastKnownFileType = sourcecode.c.objc; path = "UIView+TWTConstraintsForAutoresizingMask.m"; sourceTree = "<group>"; };
/* End PBXFileReference section */

/* Begin PBXFrameworksBuildPhase section */
		4927A1B81934C98900E5F6D2 /* Frameworks */ = {
			isa = PBXFrameworksBuildPhase;
			buildActionMask = 2147483647;
			files = (
				4927A1C11934C98900E5F6D2 /* CoreGraphics.framework in Frameworks */,
				4927A1C31934C98900E5F6D2 /* UIKit.framework in Frameworks */,
				4927A1BF1934C98900E5F6D2 /* Foundation.framework in Frameworks */,
			);
			runOnlyForDeploymentPostprocessing = 0;
		};
/* End PBXFrameworksBuildPhase section */

/* Begin PBXGroup section */
		4927A1B21934C98900E5F6D2 = {
			isa = PBXGroup;
			children = (
				4927A1C41934C98900E5F6D2 /* Translates */,
				4927A1BD1934C98900E5F6D2 /* Frameworks */,
				4927A1BC1934C98900E5F6D2 /* Products */,
			);
			sourceTree = "<group>";
		};
		4927A1BC1934C98900E5F6D2 /* Products */ = {
			isa = PBXGroup;
			children = (
				4927A1BB1934C98900E5F6D2 /* Translates.app */,
			);
			name = Products;
			sourceTree = "<group>";
		};
		4927A1BD1934C98900E5F6D2 /* Frameworks */ = {
			isa = PBXGroup;
			children = (
				4927A1BE1934C98900E5F6D2 /* Foundation.framework */,
				4927A1C01934C98900E5F6D2 /* CoreGraphics.framework */,
				4927A1C21934C98900E5F6D2 /* UIKit.framework */,
			);
			name = Frameworks;
			sourceTree = "<group>";
		};
		4927A1C41934C98900E5F6D2 /* Translates */ = {
			isa = PBXGroup;
			children = (
				4927A1CD1934C98900E5F6D2 /* TWTAppDelegate.h */,
				4927A1CE1934C98900E5F6D2 /* TWTAppDelegate.m */,
				4927A1D01934C98900E5F6D2 /* Images.xcassets */,
				4927A1C51934C98900E5F6D2 /* Supporting Files */,
				4927A1ED1934CA2C00E5F6D2 /* TWTViewController.h */,
				4927A1EE1934CA2C00E5F6D2 /* TWTViewController.m */,
				4927A1F019350FA200E5F6D2 /* UIView+TWTConstraintsForAutoresizingMask.h */,
				4927A1F119350FA200E5F6D2 /* UIView+TWTConstraintsForAutoresizingMask.m */,
			);
			path = Translates;
			sourceTree = "<group>";
		};
		4927A1C51934C98900E5F6D2 /* Supporting Files */ = {
			isa = PBXGroup;
			children = (
				4927A1C61934C98900E5F6D2 /* Translates-Info.plist */,
				4927A1C71934C98900E5F6D2 /* InfoPlist.strings */,
				4927A1CA1934C98900E5F6D2 /* main.m */,
				4927A1CC1934C98900E5F6D2 /* Translates-Prefix.pch */,
			);
			name = "Supporting Files";
			sourceTree = "<group>";
		};
/* End PBXGroup section */

/* Begin PBXNativeTarget section */
		4927A1BA1934C98900E5F6D2 /* Translates */ = {
			isa = PBXNativeTarget;
			buildConfigurationList = 4927A1E71934C98900E5F6D2 /* Build configuration list for PBXNativeTarget "Translates" */;
			buildPhases = (
				4927A1B71934C98900E5F6D2 /* Sources */,
				4927A1B81934C98900E5F6D2 /* Frameworks */,
				4927A1B91934C98900E5F6D2 /* Resources */,
			);
			buildRules = (
			);
			dependencies = (
			);
			name = Translates;
			productName = Translates;
			productReference = 4927A1BB1934C98900E5F6D2 /* Translates.app */;
			productType = "com.apple.product-type.application";
		};
/* End PBXNativeTarget section */

/* Begin PBXProject section */
		4927A1B31934C98900E5F6D2 /* Project object */ = {
			isa = PBXProject;
			attributes = {
				CLASSPREFIX = TWT;
				LastUpgradeCheck = 0510;
				ORGANIZATIONNAME = "Two Toasters, LLC";
			};
			buildConfigurationList = 4927A1B61934C98900E5F6D2 /* Build configuration list for PBXProject "Translates" */;
			compatibilityVersion = "Xcode 3.2";
			developmentRegion = English;
			hasScannedForEncodings = 0;
			knownRegions = (
				en,
			);
			mainGroup = 4927A1B21934C98900E5F6D2;
			productRefGroup = 4927A1BC1934C98900E5F6D2 /* Products */;
			projectDirPath = "";
			projectRoot = "";
			targets = (
				4927A1BA1934C98900E5F6D2 /* Translates */,
			);
		};
/* End PBXProject section */

/* Begin PBXResourcesBuildPhase section */
		4927A1B91934C98900E5F6D2 /* Resources */ = {
			isa = PBXResourcesBuildPhase;
			buildActionMask = 2147483647;
			files = (
				4927A1C91934C98900E5F6D2 /* InfoPlist.strings in Resources */,
				4927A1D11934C98900E5F6D2 /* Images.xcassets in Resources */,
			);
			runOnlyForDeploymentPostprocessing = 0;
		};
/* End PBXResourcesBuildPhase section */

/* Begin PBXSourcesBuildPhase section */
		4927A1B71934C98900E5F6D2 /* Sources */ = {
			isa = PBXSourcesBuildPhase;
			buildActionMask = 2147483647;
			files = (
				4927A1CF1934C98900E5F6D2 /* TWTAppDelegate.m in Sources */,
				4927A1CB1934C98900E5F6D2 /* main.m in Sources */,
				4927A1EF1934CA2C00E5F6D2 /* TWTViewController.m in Sources */,
				4927A1F219350FA200E5F6D2 /* UIView+TWTConstraintsForAutoresizingMask.m in Sources */,
			);
			runOnlyForDeploymentPostprocessing = 0;
		};
/* End PBXSourcesBuildPhase section */

/* Begin PBXVariantGroup section */
		4927A1C71934C98900E5F6D2 /* InfoPlist.strings */ = {
			isa = PBXVariantGroup;
			children = (
				4927A1C81934C98900E5F6D2 /* en */,
			);
			name = InfoPlist.strings;
			sourceTree = "<group>";
		};
/* End PBXVariantGroup section */

/* Begin XCBuildConfiguration section */
		4927A1E51934C98900E5F6D2 /* Debug */ = {
			isa = XCBuildConfiguration;
			buildSettings = {
				ALWAYS_SEARCH_USER_PATHS = NO;
				CLANG_CXX_LANGUAGE_STANDARD = "gnu++0x";
				CLANG_CXX_LIBRARY = "libc++";
				CLANG_ENABLE_MODULES = YES;
				CLANG_ENABLE_OBJC_ARC = YES;
				CLANG_WARN_BOOL_CONVERSION = YES;
				CLANG_WARN_CONSTANT_CONVERSION = YES;
				CLANG_WARN_DIRECT_OBJC_ISA_USAGE = YES_ERROR;
				CLANG_WARN_EMPTY_BODY = YES;
				CLANG_WARN_ENUM_CONVERSION = YES;
				CLANG_WARN_INT_CONVERSION = YES;
				CLANG_WARN_OBJC_ROOT_CLASS = YES_ERROR;
				CLANG_WARN__DUPLICATE_METHOD_MATCH = YES;
				"CODE_SIGN_IDENTITY[sdk=iphoneos*]" = "iPhone Developer";
				COPY_PHASE_STRIP = NO;
				GCC_C_LANGUAGE_STANDARD = gnu99;
				GCC_DYNAMIC_NO_PIC = NO;
				GCC_OPTIMIZATION_LEVEL = 0;
				GCC_PREPROCESSOR_DEFINITIONS = (
					"DEBUG=1",
					"$(inherited)",
				);
				GCC_SYMBOLS_PRIVATE_EXTERN = NO;
				GCC_WARN_64_TO_32_BIT_CONVERSION = YES;
				GCC_WARN_ABOUT_RETURN_TYPE = YES_ERROR;
				GCC_WARN_UNDECLARED_SELECTOR = YES;
				GCC_WARN_UNINITIALIZED_AUTOS = YES_AGGRESSIVE;
				GCC_WARN_UNUSED_FUNCTION = YES;
				GCC_WARN_UNUSED_VARIABLE = YES;
				IPHONEOS_DEPLOYMENT_TARGET = 7.1;
				ONLY_ACTIVE_ARCH = YES;
				SDKROOT = iphoneos;
			};
			name = Debug;
		};
		4927A1E61934C98900E5F6D2 /* Release */ = {
			isa = XCBuildConfiguration;
			buildSettings = {
				ALWAYS_SEARCH_USER_PATHS = NO;
				CLANG_CXX_LANGUAGE_STANDARD = "gnu++0x";
				CLANG_CXX_LIBRARY = "libc++";
				CLANG_ENABLE_MODULES = YES;
				CLANG_ENABLE_OBJC_ARC = YES;
				CLANG_WARN_BOOL_CONVERSION = YES;
				CLANG_WARN_CONSTANT_CONVERSION = YES;
				CLANG_WARN_DIRECT_OBJC_ISA_USAGE = YES_ERROR;
				CLANG_WARN_EMPTY_BODY = YES;
				CLANG_WARN_ENUM_CONVERSION = YES;
				CLANG_WARN_INT_CONVERSION = YES;
				CLANG_WARN_OBJC_ROOT_CLASS = YES_ERROR;
				CLANG_WARN__DUPLICATE_METHOD_MATCH = YES;
				"CODE_SIGN_IDENTITY[sdk=iphoneos*]" = "iPhone Developer";
				COPY_PHASE_STRIP = YES;
				ENABLE_NS_ASSERTIONS = NO;
				GCC_C_LANGUAGE_STANDARD = gnu99;
				GCC_WARN_64_TO_32_BIT_CONVERSION = YES;
				GCC_WARN_ABOUT_RETURN_TYPE = YES_ERROR;
				GCC_WARN_UNDECLARED_SELECTOR = YES;
				GCC_WARN_UNINITIALIZED_AUTOS = YES_AGGRESSIVE;
				GCC_WARN_UNUSED_FUNCTION = YES;
				GCC_WARN_UNUSED_VARIABLE = YES;
				IPHONEOS_DEPLOYMENT_TARGET = 7.1;
				SDKROOT = iphoneos;
				VALIDATE_PRODUCT = YES;
			};
			name = Release;
		};
		4927A1E81934C98900E5F6D2 /* Debug */ = {
			isa = XCBuildConfiguration;
			buildSettings = {
				ASSETCATALOG_COMPILER_APPICON_NAME = AppIcon;
				ASSETCATALOG_COMPILER_LAUNCHIMAGE_NAME = LaunchImage;
				GCC_PRECOMPILE_PREFIX_HEADER = YES;
				GCC_PREFIX_HEADER = "Translates/Translates-Prefix.pch";
				INFOPLIST_FILE = "Translates/Translates-Info.plist";
				PRODUCT_NAME = "$(TARGET_NAME)";
				WRAPPER_EXTENSION = app;
			};
			name = Debug;
		};
		4927A1E91934C98900E5F6D2 /* Release */ = {
			isa = XCBuildConfiguration;
			buildSettings = {
				ASSETCATALOG_COMPILER_APPICON_NAME = AppIcon;
				ASSETCATALOG_COMPILER_LAUNCHIMAGE_NAME = LaunchImage;
				GCC_PRECOMPILE_PREFIX_HEADER = YES;
				GCC_PREFIX_HEADER = "Translates/Translates-Prefix.pch";
				INFOPLIST_FILE = "Translates/Translates-Info.plist";
				PRODUCT_NAME = "$(TARGET_NAME)";
				WRAPPER_EXTENSION = app;
			};
			name = Release;
		};
/* End XCBuildConfiguration section */

/* Begin XCConfigurationList section */
		4927A1B61934C98900E5F6D2 /* Build configuration list for PBXProject "Translates" */ = {
			isa = XCConfigurationList;
			buildConfigurations = (
				4927A1E51934C98900E5F6D2 /* Debug */,
				4927A1E61934C98900E5F6D2 /* Release */,
			);
			defaultConfigurationIsVisible = 0;
			defaultConfigurationName = Release;
		};
		4927A1E71934C98900E5F6D2 /* Build configuration list for PBXNativeTarget "Translates" */ = {
			isa = XCConfigurationList;
			buildConfigurations = (
				4927A1E81934C98900E5F6D2 /* Debug */,
				4927A1E91934C98900E5F6D2 /* Release */,
			);
			defaultConfigurationIsVisible = 0;
		};
/* End XCConfigurationList section */
	};
	rootObject = 4927A1B31934C98900E5F6D2 /* Project object */;
}
